
Microsoft Visual Studio Solution File, Format Version 12.00
# Visual Studio Version 16
VisualStudioVersion = 16.0.28729.10
MinimumVisualStudioVersion = 10.0.40219.1
Project("{FAE04EC0-301F-11D3-BF4B-00C04F79EFBC}") = "WebApiDemo.Datastore", "WebApiDemo.Datastore\WebApiDemo.Datastore.csproj", "{E2D92EBB-4894-4413-BDEF-7F3B7371465B}"
EndProject
Project("{FAE04EC0-301F-11D3-BF4B-00C04F79EFBC}") = "WebApiDemo.Datastore.Tests", "WebApiDemo.Datastore.Tests\WebApiDemo.Datastore.Tests.csproj", "{6EF53058-975D-43D9-BEA3-A042F73BA108}"
EndProject
Global
	GlobalSection(SolutionConfigurationPlatforms) = preSolution
		Debug|Any CPU = Debug|Any CPU
		Release|Any CPU = Release|Any CPU
	EndGlobalSection
	GlobalSection(ProjectConfigurationPlatforms) = postSolution
		{E2D92EBB-4894-4413-BDEF-7F3B7371465B}.Debug|Any CPU.ActiveCfg = Debug|Any CPU
		{E2D92EBB-4894-4413-BDEF-7F3B7371465B}.Debug|Any CPU.Build.0 = Debug|Any CPU
		{E2D92EBB-4894-4413-BDEF-7F3B7371465B}.Release|Any CPU.ActiveCfg = Release|Any CPU
		{E2D92EBB-4894-4413-BDEF-7F3B7371465B}.Release|Any CPU.Build.0 = Release|Any CPU
		{6EF53058-975D-43D9-BEA3-A042F73BA108}.Debug|Any CPU.ActiveCfg = Debug|Any CPU
		{6EF53058-975D-43D9-BEA3-A042F73BA108}.Debug|Any CPU.Build.0 = Debug|Any CPU
		{6EF53058-975D-43D9-BEA3-A042F73BA108}.Release|Any CPU.ActiveCfg = Release|Any CPU
		{6EF53058-975D-43D9-BEA3-A042F73BA108}.Release|Any CPU.Build.0 = Release|Any CPU
	EndGlobalSection
	GlobalSection(SolutionProperties) = preSolution
		HideSolutionNode = FALSE
	EndGlobalSection
	GlobalSection(ExtensibilityGlobals) = postSolution
		SolutionGuid = {0D8683FF-189F-4DDB-A605-1087844C538C}
	EndGlobalSection
EndGlobal
